{
  "name": "elevate",
  "version": "1.0.0",
  "lockfileVersion": 3,
  "requires": true,
  "packages": {
    "": {
      "name": "elevate",
      "version": "1.0.0",
      "dependencies": {
        "@heroui/popover": "^2.3.26"
      }
    },
    "node_modules/@formatjs/ecma402-abstract": {
      "version": "2.3.4",
      "resolved": "https://registry.npmjs.org/@formatjs/ecma402-abstract/-/ecma402-abstract-2.3.4.tgz",
      "integrity": "sha512-qrycXDeaORzIqNhBOx0btnhpD1c+/qFIHAN9znofuMJX6QBwtbrmlpWfD4oiUUD2vJUOIYFA/gYtg2KAMGG7sA==",
      "license": "MIT",
      "dependencies": {
        "@formatjs/fast-memoize": "2.2.7",
        "@formatjs/intl-localematcher": "0.6.1",
        "decimal.js": "^10.4.3",
        "tslib": "^2.8.0"
      }
    },
    "node_modules/@formatjs/fast-memoize": {
      "version": "2.2.7",
      "resolved": "https://registry.npmjs.org/@formatjs/fast-memoize/-/fast-memoize-2.2.7.tgz",
      "integrity": "sha512-Yabmi9nSvyOMrlSeGGWDiH7rf3a7sIwplbvo/dlz9WCIjzIQAfy1RMf4S0X3yG724n5Ghu2GmEl5NJIV6O9sZQ==",
      "license": "MIT",
      "dependencies": {
        "tslib": "^2.8.0"
      }
    },
    "node_modules/@formatjs/icu-messageformat-parser": {
      "version": "2.11.2",
      "resolved": "https://registry.npmjs.org/@formatjs/icu-messageformat-parser/-/icu-messageformat-parser-2.11.2.tgz",
      "integrity": "sha512-AfiMi5NOSo2TQImsYAg8UYddsNJ/vUEv/HaNqiFjnI3ZFfWihUtD5QtuX6kHl8+H+d3qvnE/3HZrfzgdWpsLNA==",
      "license": "MIT",
      "dependencies": {
        "@formatjs/ecma402-abstract": "2.3.4",
        "@formatjs/icu-skeleton-parser": "1.8.14",
        "tslib": "^2.8.0"
      }
    },
    "node_modules/@formatjs/icu-skeleton-parser": {
      "version": "1.8.14",
      "resolved": "https://registry.npmjs.org/@formatjs/icu-skeleton-parser/-/icu-skeleton-parser-1.8.14.tgz",
      "integrity": "sha512-i4q4V4qslThK4Ig8SxyD76cp3+QJ3sAqr7f6q9VVfeGtxG9OhiAk3y9XF6Q41OymsKzsGQ6OQQoJNY4/lI8TcQ==",
      "license": "MIT",
      "dependencies": {
        "@formatjs/ecma402-abstract": "2.3.4",
        "tslib": "^2.8.0"
      }
    },
    "node_modules/@formatjs/intl-localematcher": {
      "version": "0.6.1",
      "resolved": "https://registry.npmjs.org/@formatjs/intl-localematcher/-/intl-localematcher-0.6.1.tgz",
      "integrity": "sha512-ePEgLgVCqi2BBFnTMWPfIghu6FkbZnnBVhO2sSxvLfrdFw7wCHAHiDoM2h4NRgjbaY7+B7HgOLZGkK187pZTZg==",
      "license": "MIT",
      "dependencies": {
        "tslib": "^2.8.0"
      }
    },
    "node_modules/@heroui/aria-utils": {
      "version": "2.2.23",
      "resolved": "https://registry.npmjs.org/@heroui/aria-utils/-/aria-utils-2.2.23.tgz",
      "integrity": "sha512-RF5vWZdBdQIGfQ5GgPt3XTsNDodLJ87criWUVt7qOox+lmJrSkYPmHgA1bEZxJdd3aCwLCJbcBGqP7vW3+OVCQ==",
      "license": "MIT",
      "dependencies": {
        "@heroui/system": "2.4.22",
        "@react-aria/utils": "3.30.1",
        "@react-stately/collections": "3.12.7",
        "@react-types/overlays": "3.9.1",
        "@react-types/shared": "3.32.0"
      },
      "peerDependencies": {
        "react": ">=18 || >=19.0.0-rc.0",
        "react-dom": ">=18 || >=19.0.0-rc.0"
      }
    },
    "node_modules/@heroui/button": {
      "version": "2.2.26",
      "resolved": "https://registry.npmjs.org/@heroui/button/-/button-2.2.26.tgz",
      "integrity": "sha512-Z4Kp7M444pgzKCUDTZX8Q5GnxOxqIJnAB58+8g5ETlA++Na+qqXwAXADmAPIrBB7uqoRUrsP7U/bpp5SiZYJ2A==",
      "license": "MIT",
      "dependencies": {
        "@heroui/react-utils": "2.1.13",
        "@heroui/ripple": "2.2.19",
        "@heroui/shared-utils": "2.1.11",
        "@heroui/spinner": "2.2.23",
        "@heroui/use-aria-button": "2.2.19",
        "@react-aria/focus": "3.21.1",
        "@react-aria/interactions": "3.25.5",
        "@react-types/shared": "3.32.0"
      },
      "peerDependencies": {
        "@heroui/system": ">=2.4.18",
        "@heroui/theme": ">=2.4.17",
        "framer-motion": ">=11.5.6 || >=12.0.0-alpha.1",
        "react": ">=18 || >=19.0.0-rc.0",
        "react-dom": ">=18 || >=19.0.0-rc.0"
      }
    },
    "node_modules/@heroui/dom-animation": {
      "version": "2.1.10",
      "resolved": "https://registry.npmjs.org/@heroui/dom-animation/-/dom-animation-2.1.10.tgz",
      "integrity": "sha512-dt+0xdVPbORwNvFT5pnqV2ULLlSgOJeqlg/DMo97s9RWeD6rD4VedNY90c8C9meqWqGegQYBQ9ztsfX32mGEPA==",
      "license": "MIT",
      "peerDependencies": {
        "framer-motion": ">=11.5.6 || >=12.0.0-alpha.1"
      }
    },
    "node_modules/@heroui/framer-utils": {
      "version": "2.1.22",
      "resolved": "https://registry.npmjs.org/@heroui/framer-utils/-/framer-utils-2.1.22.tgz",
      "integrity": "sha512-f5qlpdWToEp1re9e4Wje2/FCaGWRdkqs9U80qfjFHmZFaWHBGLBX1k8G5p7aw3lOaf+pqDcC2sIldNav57Xfpw==",
      "license": "MIT",
      "dependencies": {
        "@heroui/system": "2.4.22",
        "@heroui/use-measure": "2.1.8"
      },
      "peerDependencies": {
        "framer-motion": ">=11.5.6 || >=12.0.0-alpha.1",
        "react": ">=18 || >=19.0.0-rc.0",
        "react-dom": ">=18 || >=19.0.0-rc.0"
      }
    },
    "node_modules/@heroui/popover": {
      "version": "2.3.26",
      "resolved": "https://registry.npmjs.org/@heroui/popover/-/popover-2.3.26.tgz",
      "integrity": "sha512-m+FQmP648XRbwcRyzTPaYgbQIBJX05PtwbAp7DLbjd1SHQRJjx6wAj6uhVOTeJNXTTEy8JxwMXwh4IAJO/g3Jw==",
      "license": "MIT",
      "dependencies": {
        "@heroui/aria-utils": "2.2.23",
        "@heroui/button": "2.2.26",
        "@heroui/dom-animation": "2.1.10",
        "@heroui/framer-utils": "2.1.22",
        "@heroui/react-utils": "2.1.13",
        "@heroui/shared-utils": "2.1.11",
        "@heroui/use-aria-button": "2.2.19",
        "@heroui/use-aria-overlay": "2.0.3",
        "@heroui/use-safe-layout-effect": "2.1.8",
        "@react-aria/dialog": "3.5.29",
        "@react-aria/focus": "3.21.1",
        "@react-aria/overlays": "3.29.0",
        "@react-stately/overlays": "3.6.19",
        "@react-types/overlays": "3.9.1"
      },
      "peerDependencies": {
        "@heroui/system": ">=2.4.18",
        "@heroui/theme": ">=2.4.17",
        "framer-motion": ">=11.5.6 || >=12.0.0-alpha.1",
        "react": ">=18 || >=19.0.0-rc.0",
        "react-dom": ">=18 || >=19.0.0-rc.0"
      }
    },
    "node_modules/@heroui/react-rsc-utils": {
      "version": "2.1.9",
      "resolved": "https://registry.npmjs.org/@heroui/react-rsc-utils/-/react-rsc-utils-2.1.9.tgz",
      "integrity": "sha512-e77OEjNCmQxE9/pnLDDb93qWkX58/CcgIqdNAczT/zUP+a48NxGq2A2WRimvc1uviwaNL2StriE2DmyZPyYW7Q==",
      "license": "MIT",
      "peerDependencies": {
        "react": ">=18 || >=19.0.0-rc.0"
      }
    },
    "node_modules/@heroui/react-utils": {
      "version": "2.1.13",
      "resolved": "https://registry.npmjs.org/@heroui/react-utils/-/react-utils-2.1.13.tgz",
      "integrity": "sha512-gJ89YL5UCilKLldJ4In0ZLzngg+tYiDuo1tQ7lf2aJB7SQMrZmEutsKrGCdvn/c2CSz5cRryo0H6JZCDsji3qg==",
      "license": "MIT",
      "dependencies": {
        "@heroui/react-rsc-utils": "2.1.9",
        "@heroui/shared-utils": "2.1.11"
      },
      "peerDependencies": {
        "react": ">=18 || >=19.0.0-rc.0"
      }
    },
    "node_modules/@heroui/ripple": {
      "version": "2.2.19",
      "resolved": "https://registry.npmjs.org/@heroui/ripple/-/ripple-2.2.19.tgz",
      "integrity": "sha512-nmeu1vDehmv+tn0kfo3fpeCZ9fyTp/DD9dF8qJeYhBD3CR7J/LPaGXvU6M1t8WwV7RFEA5pjmsmA3jHWjwdAJQ==",
      "license": "MIT",
      "dependencies": {
        "@heroui/dom-animation": "2.1.10",
        "@heroui/shared-utils": "2.1.11"
      },
      "peerDependencies": {
        "@heroui/system": ">=2.4.18",
        "@heroui/theme": ">=2.4.17",
        "framer-motion": ">=11.5.6 || >=12.0.0-alpha.1",
        "react": ">=18 || >=19.0.0-rc.0",
        "react-dom": ">=18 || >=19.0.0-rc.0"
      }
    },
    "node_modules/@heroui/shared-utils": {
      "version": "2.1.11",
      "resolved": "https://registry.npmjs.org/@heroui/shared-utils/-/shared-utils-2.1.11.tgz",
      "integrity": "sha512-2zKVjCc9EMMk05peVpI1Q+vFf+dzqyVdf1DBCJ2SNQEUF7E+sRe1FvhHvPoye3TIFD/Fr6b3kZ6vzjxL9GxB6A==",
      "hasInstallScript": true,
      "license": "MIT"
    },
    "node_modules/@heroui/spinner": {
      "version": "2.2.23",
      "resolved": "https://registry.npmjs.org/@heroui/spinner/-/spinner-2.2.23.tgz",
      "integrity": "sha512-qmQ/OanEvvtyG0gtuDP3UmjvBAESr++F1S05LRlY3w+TSzFUh6vfxviN9M/cBnJYg6QuwfmzlltqmDXnV8/fxw==",
      "license": "MIT",
      "dependencies": {
        "@heroui/shared-utils": "2.1.11",
        "@heroui/system": "2.4.22",
        "@heroui/system-rsc": "2.3.19"
      },
      "peerDependencies": {
        "@heroui/theme": ">=2.4.17",
        "react": ">=18 || >=19.0.0-rc.0",
        "react-dom": ">=18 || >=19.0.0-rc.0"
      }
    },
    "node_modules/@heroui/system": {
      "version": "2.4.22",
      "resolved": "https://registry.npmjs.org/@heroui/system/-/system-2.4.22.tgz",
      "integrity": "sha512-+RVuAxjS2QWyLdYTPxv0IfMjhsxa1GKRSwvpii13bOGEQclwwfaNL2MvBbTt1Mzu/LHaX7kyj0THbZnlOplZOA==",
      "license": "MIT",
      "peer": true,
      "dependencies": {
        "@heroui/react-utils": "2.1.13",
        "@heroui/system-rsc": "2.3.19",
        "@react-aria/i18n": "3.12.12",
        "@react-aria/overlays": "3.29.0",
        "@react-aria/utils": "3.30.1"
      },
      "peerDependencies": {
        "framer-motion": ">=11.5.6 || >=12.0.0-alpha.1",
        "react": ">=18 || >=19.0.0-rc.0",
        "react-dom": ">=18 || >=19.0.0-rc.0"
      }
    },
    "node_modules/@heroui/system-rsc": {
      "version": "2.3.19",
      "resolved": "https://registry.npmjs.org/@heroui/system-rsc/-/system-rsc-2.3.19.tgz",
      "integrity": "sha512-ocjro5dYmDhRsxNAB/316zO6eqfKVjFDbnYnc+wlcjZXpw49A+LhE13xlo7LI+W2AHWh5NHcpo3+2O3G6WQxHA==",
      "license": "MIT",
      "dependencies": {
        "@react-types/shared": "3.32.0",
        "clsx": "^1.2.1"
      },
      "peerDependencies": {
        "@heroui/theme": ">=2.4.17",
        "react": ">=18 || >=19.0.0-rc.0"
      }
    },
    "node_modules/@heroui/theme": {
      "version": "2.4.22",
      "resolved": "https://registry.npmjs.org/@heroui/theme/-/theme-2.4.22.tgz",
      "integrity": "sha512-naKFQBfp7YwhKGmh7rKCC5EBjV7kdozX21fyGHucDYa6GeFfIKVqXILgZ94HZlfp+LGJfV6U+BuKIflevf0Y+w==",
      "license": "MIT",
      "peer": true,
      "dependencies": {
        "@heroui/shared-utils": "2.1.11",
        "clsx": "^1.2.1",
        "color": "^4.2.3",
        "color2k": "^2.0.3",
        "deepmerge": "4.3.1",
        "flat": "^5.0.2",
        "tailwind-merge": "3.3.1",
        "tailwind-variants": "3.1.1"
      },
      "peerDependencies": {
        "tailwindcss": ">=4.0.0"
      }
    },
    "node_modules/@heroui/use-aria-button": {
      "version": "2.2.19",
      "resolved": "https://registry.npmjs.org/@heroui/use-aria-button/-/use-aria-button-2.2.19.tgz",
      "integrity": "sha512-+3f8zpswFHWs50pNmsHTCXGsIGWyZw/1/hINVPjB9RakjqLwYx9Sz0QCshsAJgGklVbOUkHGtrMwfsKnTeQ82Q==",
      "license": "MIT",
      "dependencies": {
        "@react-aria/focus": "3.21.1",
        "@react-aria/interactions": "3.25.5",
        "@react-aria/utils": "3.30.1",
        "@react-types/button": "3.14.0",
        "@react-types/shared": "3.32.0"
      },
      "peerDependencies": {
        "react": ">=18 || >=19.0.0-rc.0"
      }
    },
    "node_modules/@heroui/use-aria-overlay": {
      "version": "2.0.3",
      "resolved": "https://registry.npmjs.org/@heroui/use-aria-overlay/-/use-aria-overlay-2.0.3.tgz",
      "integrity": "sha512-R5cZh+Rg/X7iQpxNhWJkzsbthMVbxqyYkXx5ry0F2zy05viwnXKCSFQqbdKCU2f5QlEnv2oDd6KsK1AXCePG4g==",
      "license": "MIT",
      "dependencies": {
        "@react-aria/focus": "3.21.1",
        "@react-aria/interactions": "3.25.5",
        "@react-aria/overlays": "3.29.0",
        "@react-types/shared": "3.32.0"
      },
      "peerDependencies": {
        "react": ">=18",
        "react-dom": ">=18"
      }
    },
    "node_modules/@heroui/use-measure": {
      "version": "2.1.8",
      "resolved": "https://registry.npmjs.org/@heroui/use-measure/-/use-measure-2.1.8.tgz",
      "integrity": "sha512-GjT9tIgluqYMZWfAX6+FFdRQBqyHeuqUMGzAXMTH9kBXHU0U5C5XU2c8WFORkNDoZIg1h13h1QdV+Vy4LE1dEA==",
      "license": "MIT",
      "peerDependencies": {
        "react": ">=18 || >=19.0.0-rc.0"
      }
    },
    "node_modules/@heroui/use-safe-layout-effect": {
      "version": "2.1.8",
      "resolved": "https://registry.npmjs.org/@heroui/use-safe-layout-effect/-/use-safe-layout-effect-2.1.8.tgz",
      "integrity": "sha512-wbnZxVWCYqk10XRMu0veSOiVsEnLcmGUmJiapqgaz0fF8XcpSScmqjTSoWjHIEWaHjQZ6xr+oscD761D6QJN+Q==",
      "license": "MIT",
      "peerDependencies": {
        "react": ">=18 || >=19.0.0-rc.0"
      }
    },
    "node_modules/@internationalized/date": {
      "version": "3.9.0",
      "resolved": "https://registry.npmjs.org/@internationalized/date/-/date-3.9.0.tgz",
      "integrity": "sha512-yaN3brAnHRD+4KyyOsJyk49XUvj2wtbNACSqg0bz3u8t2VuzhC8Q5dfRnrSxjnnbDb+ienBnkn1TzQfE154vyg==",
      "license": "Apache-2.0",
      "dependencies": {
        "@swc/helpers": "^0.5.0"
      }
    },
    "node_modules/@internationalized/message": {
      "version": "3.1.8",
      "resolved": "https://registry.npmjs.org/@internationalized/message/-/message-3.1.8.tgz",
      "integrity": "sha512-Rwk3j/TlYZhn3HQ6PyXUV0XP9Uv42jqZGNegt0BXlxjE6G3+LwHjbQZAGHhCnCPdaA6Tvd3ma/7QzLlLkJxAWA==",
      "license": "Apache-2.0",
      "dependencies": {
        "@swc/helpers": "^0.5.0",
        "intl-messageformat": "^10.1.0"
      }
    },
    "node_modules/@internationalized/number": {
      "version": "3.6.5",
      "resolved": "https://registry.npmjs.org/@internationalized/number/-/number-3.6.5.tgz",
      "integrity": "sha512-6hY4Kl4HPBvtfS62asS/R22JzNNy8vi/Ssev7x6EobfCp+9QIB2hKvI2EtbdJ0VSQacxVNtqhE/NmF/NZ0gm6g==",
      "license": "Apache-2.0",
      "dependencies": {
        "@swc/helpers": "^0.5.0"
      }
    },
    "node_modules/@internationalized/string": {
      "version": "3.2.7",
      "resolved": "https://registry.npmjs.org/@internationalized/string/-/string-3.2.7.tgz",
      "integrity": "sha512-D4OHBjrinH+PFZPvfCXvG28n2LSykWcJ7GIioQL+ok0LON15SdfoUssoHzzOUmVZLbRoREsQXVzA6r8JKsbP6A==",
      "license": "Apache-2.0",
      "dependencies": {
        "@swc/helpers": "^0.5.0"
      }
    },
    "node_modules/@react-aria/dialog": {
      "version": "3.5.29",
      "resolved": "https://registry.npmjs.org/@react-aria/dialog/-/dialog-3.5.29.tgz",
      "integrity": "sha512-GtxB0oTwkSz/GiKMPN0lU4h/r+Cr04FFUonZU5s03YmDTtgVjTSjFPmsd7pkbt3qq0aEiQASx/vWdAkKLWjRHA==",
      "license": "Apache-2.0",
      "dependencies": {
        "@react-aria/interactions": "^3.25.5",
        "@react-aria/overlays": "^3.29.0",
        "@react-aria/utils": "^3.30.1",
        "@react-types/dialog": "^3.5.21",
        "@react-types/shared": "^3.32.0",
        "@swc/helpers": "^0.5.0"
      },
      "peerDependencies": {
        "react": "^16.8.0 || ^17.0.0-rc.1 || ^18.0.0 || ^19.0.0-rc.1",
        "react-dom": "^16.8.0 || ^17.0.0-rc.1 || ^18.0.0 || ^19.0.0-rc.1"
      }
    },
    "node_modules/@react-aria/focus": {
      "version": "3.21.1",
      "resolved": "https://registry.npmjs.org/@react-aria/focus/-/focus-3.21.1.tgz",
      "integrity": "sha512-hmH1IhHlcQ2lSIxmki1biWzMbGgnhdxJUM0MFfzc71Rv6YAzhlx4kX3GYn4VNcjCeb6cdPv4RZ5vunV4kgMZYQ==",
      "license": "Apache-2.0",
      "dependencies": {
        "@react-aria/interactions": "^3.25.5",
        "@react-aria/utils": "^3.30.1",
        "@react-types/shared": "^3.32.0",
        "@swc/helpers": "^0.5.0",
        "clsx": "^2.0.0"
      },
      "peerDependencies": {
        "react": "^16.8.0 || ^17.0.0-rc.1 || ^18.0.0 || ^19.0.0-rc.1",
        "react-dom": "^16.8.0 || ^17.0.0-rc.1 || ^18.0.0 || ^19.0.0-rc.1"
      }
    },
    "node_modules/@react-aria/focus/node_modules/clsx": {
      "version": "2.1.1",
      "resolved": "https://registry.npmjs.org/clsx/-/clsx-2.1.1.tgz",
      "integrity": "sha512-eYm0QWBtUrBWZWG0d386OGAw16Z995PiOVo2B7bjWSbHedGl5e0ZWaq65kOGgUSNesEIDkB9ISbTg/JK9dhCZA==",
      "license": "MIT",
      "engines": {
        "node": ">=6"
      }
    },
    "node_modules/@react-aria/i18n": {
      "version": "3.12.12",
      "resolved": "https://registry.npmjs.org/@react-aria/i18n/-/i18n-3.12.12.tgz",
      "integrity": "sha512-JN6p+Xc6Pu/qddGRoeYY6ARsrk2Oz7UiQc9nLEPOt3Ch+blJZKWwDjcpo/p6/wVZdD/2BgXS7El6q6+eMg7ibw==",
      "license": "Apache-2.0",
      "dependencies": {
        "@internationalized/date": "^3.9.0",
        "@internationalized/message": "^3.1.8",
        "@internationalized/number": "^3.6.5",
        "@internationalized/string": "^3.2.7",
        "@react-aria/ssr": "^3.9.10",
        "@react-aria/utils": "^3.30.1",
        "@react-types/shared": "^3.32.0",
        "@swc/helpers": "^0.5.0"
      },
      "peerDependencies": {
        "react": "^16.8.0 || ^17.0.0-rc.1 || ^18.0.0 || ^19.0.0-rc.1",
        "react-dom": "^16.8.0 || ^17.0.0-rc.1 || ^18.0.0 || ^19.0.0-rc.1"
      }
    },
    "node_modules/@react-aria/interactions": {
      "version": "3.25.5",
      "resolved": "https://registry.npmjs.org/@react-aria/interactions/-/interactions-3.25.5.tgz",
      "integrity": "sha512-EweYHOEvMwef/wsiEqV73KurX/OqnmbzKQa2fLxdULbec5+yDj6wVGaRHIzM4NiijIDe+bldEl5DG05CAKOAHA==",
      "license": "Apache-2.0",
      "dependencies": {
        "@react-aria/ssr": "^3.9.10",
        "@react-aria/utils": "^3.30.1",
        "@react-stately/flags": "^3.1.2",
        "@react-types/shared": "^3.32.0",
        "@swc/helpers": "^0.5.0"
      },
      "peerDependencies": {
        "react": "^16.8.0 || ^17.0.0-rc.1 || ^18.0.0 || ^19.0.0-rc.1",
        "react-dom": "^16.8.0 || ^17.0.0-rc.1 || ^18.0.0 || ^19.0.0-rc.1"
      }
    },
    "node_modules/@react-aria/overlays": {
      "version": "3.29.0",
      "resolved": "https://registry.npmjs.org/@react-aria/overlays/-/overlays-3.29.0.tgz",
      "integrity": "sha512-OmMcwrbBMcv4KWNAPxvMZw02Wcw+z3e5dOS+MOb4AfY4bOJUvw+9hB13cfECs5lNXjV/UHT+5w2WBs32jmTwTg==",
      "license": "Apache-2.0",
      "dependencies": {
        "@react-aria/focus": "^3.21.1",
        "@react-aria/i18n": "^3.12.12",
        "@react-aria/interactions": "^3.25.5",
        "@react-aria/ssr": "^3.9.10",
        "@react-aria/utils": "^3.30.1",
        "@react-aria/visually-hidden": "^3.8.27",
        "@react-stately/overlays": "^3.6.19",
        "@react-types/button": "^3.14.0",
        "@react-types/overlays": "^3.9.1",
        "@react-types/shared": "^3.32.0",
        "@swc/helpers": "^0.5.0"
      },
      "peerDependencies": {
        "react": "^16.8.0 || ^17.0.0-rc.1 || ^18.0.0 || ^19.0.0-rc.1",
        "react-dom": "^16.8.0 || ^17.0.0-rc.1 || ^18.0.0 || ^19.0.0-rc.1"
      }
    },
    "node_modules/@react-aria/ssr": {
      "version": "3.9.10",
      "resolved": "https://registry.npmjs.org/@react-aria/ssr/-/ssr-3.9.10.tgz",
      "integrity": "sha512-hvTm77Pf+pMBhuBm760Li0BVIO38jv1IBws1xFm1NoL26PU+fe+FMW5+VZWyANR6nYL65joaJKZqOdTQMkO9IQ==",
      "license": "Apache-2.0",
      "dependencies": {
        "@swc/helpers": "^0.5.0"
      },
      "engines": {
        "node": ">= 12"
      },
      "peerDependencies": {
        "react": "^16.8.0 || ^17.0.0-rc.1 || ^18.0.0 || ^19.0.0-rc.1"
      }
    },
    "node_modules/@react-aria/utils": {
      "version": "3.30.1",
      "resolved": "https://registry.npmjs.org/@react-aria/utils/-/utils-3.30.1.tgz",
      "integrity": "sha512-zETcbDd6Vf9GbLndO6RiWJadIZsBU2MMm23rBACXLmpRztkrIqPEb2RVdlLaq1+GklDx0Ii6PfveVjx+8S5U6A==",
      "license": "Apache-2.0",
      "dependencies": {
        "@react-aria/ssr": "^3.9.10",
        "@react-stately/flags": "^3.1.2",
        "@react-stately/utils": "^3.10.8",
        "@react-types/shared": "^3.32.0",
        "@swc/helpers": "^0.5.0",
        "clsx": "^2.0.0"
      },
      "peerDependencies": {
        "react": "^16.8.0 || ^17.0.0-rc.1 || ^18.0.0 || ^19.0.0-rc.1",
        "react-dom": "^16.8.0 || ^17.0.0-rc.1 || ^18.0.0 || ^19.0.0-rc.1"
      }
    },
    "node_modules/@react-aria/utils/node_modules/clsx": {
      "version": "2.1.1",
      "resolved": "https://registry.npmjs.org/clsx/-/clsx-2.1.1.tgz",
      "integrity": "sha512-eYm0QWBtUrBWZWG0d386OGAw16Z995PiOVo2B7bjWSbHedGl5e0ZWaq65kOGgUSNesEIDkB9ISbTg/JK9dhCZA==",
      "license": "MIT",
      "engines": {
        "node": ">=6"
      }
    },
    "node_modules/@react-aria/visually-hidden": {
      "version": "3.8.27",
      "resolved": "https://registry.npmjs.org/@react-aria/visually-hidden/-/visually-hidden-3.8.27.tgz",
      "integrity": "sha512-hD1DbL3WnjPnCdlQjwe19bQVRAGJyN0Aaup+s7NNtvZUn7AjoEH78jo8TE+L8yM7z/OZUQF26laCfYqeIwWn4g==",
      "license": "Apache-2.0",
      "dependencies": {
        "@react-aria/interactions": "^3.25.5",
        "@react-aria/utils": "^3.30.1",
        "@react-types/shared": "^3.32.0",
        "@swc/helpers": "^0.5.0"
      },
      "peerDependencies": {
        "react": "^16.8.0 || ^17.0.0-rc.1 || ^18.0.0 || ^19.0.0-rc.1",
        "react-dom": "^16.8.0 || ^17.0.0-rc.1 || ^18.0.0 || ^19.0.0-rc.1"
      }
    },
    "node_modules/@react-stately/collections": {
      "version": "3.12.7",
      "resolved": "https://registry.npmjs.org/@react-stately/collections/-/collections-3.12.7.tgz",
      "integrity": "sha512-0kQc0mI986GOCQHvRy4L0JQiotIK/KmEhR9Mu/6V0GoSdqg5QeUe4kyoNWj3bl03uQXme80v0L2jLHt+fOHHjA==",
      "license": "Apache-2.0",
      "dependencies": {
        "@react-types/shared": "^3.32.0",
        "@swc/helpers": "^0.5.0"
      },
      "peerDependencies": {
        "react": "^16.8.0 || ^17.0.0-rc.1 || ^18.0.0 || ^19.0.0-rc.1"
      }
    },
    "node_modules/@react-stately/flags": {
      "version": "3.1.2",
      "resolved": "https://registry.npmjs.org/@react-stately/flags/-/flags-3.1.2.tgz",
      "integrity": "sha512-2HjFcZx1MyQXoPqcBGALwWWmgFVUk2TuKVIQxCbRq7fPyWXIl6VHcakCLurdtYC2Iks7zizvz0Idv48MQ38DWg==",
      "license": "Apache-2.0",
      "dependencies": {
        "@swc/helpers": "^0.5.0"
      }
    },
    "node_modules/@react-stately/overlays": {
      "version": "3.6.19",
      "resolved": "https://registry.npmjs.org/@react-stately/overlays/-/overlays-3.6.19.tgz",
      "integrity": "sha512-swZXfDvxTYd7tKEpijEHBFFaEmbbnCvEhGlmrAz4K72cuRR9O5u+lcla8y1veGBbBSzrIdKNdBoIIJ+qQH+1TQ==",
      "license": "Apache-2.0",
      "dependencies": {
        "@react-stately/utils": "^3.10.8",
        "@react-types/overlays": "^3.9.1",
        "@swc/helpers": "^0.5.0"
      },
      "peerDependencies": {
        "react": "^16.8.0 || ^17.0.0-rc.1 || ^18.0.0 || ^19.0.0-rc.1"
      }
    },
    "node_modules/@react-stately/utils": {
      "version": "3.10.8",
      "resolved": "https://registry.npmjs.org/@react-stately/utils/-/utils-3.10.8.tgz",
      "integrity": "sha512-SN3/h7SzRsusVQjQ4v10LaVsDc81jyyR0DD5HnsQitm/I5WDpaSr2nRHtyloPFU48jlql1XX/S04T2DLQM7Y3g==",
      "license": "Apache-2.0",
      "dependencies": {
        "@swc/helpers": "^0.5.0"
      },
      "peerDependencies": {
        "react": "^16.8.0 || ^17.0.0-rc.1 || ^18.0.0 || ^19.0.0-rc.1"
      }
    },
    "node_modules/@react-types/button": {
      "version": "3.14.0",
      "resolved": "https://registry.npmjs.org/@react-types/button/-/button-3.14.0.tgz",
      "integrity": "sha512-pXt1a+ElxiZyWpX0uznyjy5Z6EHhYxPcaXpccZXyn6coUo9jmCbgg14xR7Odo+JcbfaaISzZTDO7oGLVTcHnpA==",
      "license": "Apache-2.0",
      "dependencies": {
        "@react-types/shared": "^3.32.0"
      },
      "peerDependencies": {
        "react": "^16.8.0 || ^17.0.0-rc.1 || ^18.0.0 || ^19.0.0-rc.1"
      }
    },
    "node_modules/@react-types/dialog": {
      "version": "3.5.21",
      "resolved": "https://registry.npmjs.org/@react-types/dialog/-/dialog-3.5.21.tgz",
      "integrity": "sha512-jF1gN4bvwYamsLjefaFDnaSKxTa3Wtvn5f7WLjNVZ8ICVoiMBMdUJXTlPQHAL4YWqtCj4hK/3uimR1E+Pwd7Xw==",
      "license": "Apache-2.0",
      "dependencies": {
        "@react-types/overlays": "^3.9.1",
        "@react-types/shared": "^3.32.0"
      },
      "peerDependencies": {
        "react": "^16.8.0 || ^17.0.0-rc.1 || ^18.0.0 || ^19.0.0-rc.1"
      }
    },
    "node_modules/@react-types/overlays": {
      "version": "3.9.1",
      "resolved": "https://registry.npmjs.org/@react-types/overlays/-/overlays-3.9.1.tgz",
      "integrity": "sha512-UCG3TOu8FLk4j0Pr1nlhv0opcwMoqbGEOUvsSr6ITN6Qs2y0j+KYSYQ7a4+04m3dN//8+9Wjkkid8k+V1dV2CA==",
      "license": "Apache-2.0",
      "dependencies": {
        "@react-types/shared": "^3.32.0"
      },
      "peerDependencies": {
        "react": "^16.8.0 || ^17.0.0-rc.1 || ^18.0.0 || ^19.0.0-rc.1"
      }
    },
    "node_modules/@react-types/shared": {
      "version": "3.32.0",
      "resolved": "https://registry.npmjs.org/@react-types/shared/-/shared-3.32.0.tgz",
      "integrity": "sha512-t+cligIJsZYFMSPFMvsJMjzlzde06tZMOIOFa1OV5Z0BcMowrb2g4mB57j/9nP28iJIRYn10xCniQts+qadrqQ==",
      "license": "Apache-2.0",
      "peerDependencies": {
        "react": "^16.8.0 || ^17.0.0-rc.1 || ^18.0.0 || ^19.0.0-rc.1"
      }
    },
    "node_modules/@swc/helpers": {
      "version": "0.5.17",
      "resolved": "https://registry.npmjs.org/@swc/helpers/-/helpers-0.5.17.tgz",
      "integrity": "sha512-5IKx/Y13RsYd+sauPb2x+U/xZikHjolzfuDgTAl/Tdf3Q8rslRvC19NKDLgAJQ6wsqADk10ntlv08nPFw/gO/A==",
      "license": "Apache-2.0",
      "dependencies": {
        "tslib": "^2.8.0"
      }
    },
    "node_modules/clsx": {
      "version": "1.2.1",
      "resolved": "https://registry.npmjs.org/clsx/-/clsx-1.2.1.tgz",
      "integrity": "sha512-EcR6r5a8bj6pu3ycsa/E/cKVGuTgZJZdsyUYHOksG/UHIiKfjxzRxYJpyVBwYaQeOvghal9fcc4PidlgzugAQg==",
      "license": "MIT",
      "engines": {
        "node": ">=6"
      }
    },
    "node_modules/color": {
      "version": "4.2.3",
      "resolved": "https://registry.npmjs.org/color/-/color-4.2.3.tgz",
      "integrity": "sha512-1rXeuUUiGGrykh+CeBdu5Ie7OJwinCgQY0bc7GCRxy5xVHy+moaqkpL/jqQq0MtQOeYcrqEz4abc5f0KtU7W4A==",
      "license": "MIT",
      "dependencies": {
        "color-convert": "^2.0.1",
        "color-string": "^1.9.0"
      },
      "engines": {
        "node": ">=12.5.0"
      }
    },
    "node_modules/color-convert": {
      "version": "2.0.1",
      "resolved": "https://registry.npmjs.org/color-convert/-/color-convert-2.0.1.tgz",
      "integrity": "sha512-RRECPsj7iu/xb5oKYcsFHSppFNnsj/52OVTRKb4zP5onXwVF3zVmmToNcOfGC+CRDpfK/U584fMg38ZHCaElKQ==",
      "license": "MIT",
      "dependencies": {
        "color-name": "~1.1.4"
      },
      "engines": {
        "node": ">=7.0.0"
      }
    },
    "node_modules/color-name": {
      "version": "1.1.4",
      "resolved": "https://registry.npmjs.org/color-name/-/color-name-1.1.4.tgz",
      "integrity": "sha512-dOy+3AuW3a2wNbZHIuMZpTcgjGuLU/uBL/ubcZF9OXbDo8ff4O8yVp5Bf0efS8uEoYo5q4Fx7dY9OgQGXgAsQA==",
      "license": "MIT"
    },
    "node_modules/color-string": {
      "version": "1.9.1",
      "resolved": "https://registry.npmjs.org/color-string/-/color-string-1.9.1.tgz",
      "integrity": "sha512-shrVawQFojnZv6xM40anx4CkoDP+fZsw/ZerEMsW/pyzsRbElpsL/DBVW7q3ExxwusdNXI3lXpuhEZkzs8p5Eg==",
      "license": "MIT",
      "dependencies": {
        "color-name": "^1.0.0",
        "simple-swizzle": "^0.2.2"
      }
    },
    "node_modules/color2k": {
      "version": "2.0.3",
      "resolved": "https://registry.npmjs.org/color2k/-/color2k-2.0.3.tgz",
      "integrity": "sha512-zW190nQTIoXcGCaU08DvVNFTmQhUpnJfVuAKfWqUQkflXKpaDdpaYoM0iluLS9lgJNHyBF58KKA2FBEwkD7wog==",
      "license": "MIT"
    },
    "node_modules/decimal.js": {
      "version": "10.6.0",
      "resolved": "https://registry.npmjs.org/decimal.js/-/decimal.js-10.6.0.tgz",
      "integrity": "sha512-YpgQiITW3JXGntzdUmyUR1V812Hn8T1YVXhCu+wO3OpS4eU9l4YdD3qjyiKdV6mvV29zapkMeD390UVEf2lkUg==",
      "license": "MIT"
    },
    "node_modules/deepmerge": {
      "version": "4.3.1",
      "resolved": "https://registry.npmjs.org/deepmerge/-/deepmerge-4.3.1.tgz",
      "integrity": "sha512-3sUqbMEc77XqpdNO7FRyRog+eW3ph+GYCbj+rK+uYyRMuwsVy0rMiVtPn+QJlKFvWP/1PYpapqYn0Me2knFn+A==",
      "license": "MIT",
      "engines": {
        "node": ">=0.10.0"
      }
    },
    "node_modules/flat": {
      "version": "5.0.2",
      "resolved": "https://registry.npmjs.org/flat/-/flat-5.0.2.tgz",
      "integrity": "sha512-b6suED+5/3rTpUBdG1gupIl8MPFCAMA0QXwmljLhvCUKcUvdE4gWky9zpuGCcXHOsz4J9wPGNWq6OKpmIzz3hQ==",
      "license": "BSD-3-Clause",
      "bin": {
        "flat": "cli.js"
      }
    },
    "node_modules/framer-motion": {
      "version": "12.23.22",
      "resolved": "https://registry.npmjs.org/framer-motion/-/framer-motion-12.23.22.tgz",
      "integrity": "sha512-ZgGvdxXCw55ZYvhoZChTlG6pUuehecgvEAJz0BHoC5pQKW1EC5xf1Mul1ej5+ai+pVY0pylyFfdl45qnM1/GsA==",
      "license": "MIT",
      "peer": true,
      "dependencies": {
        "motion-dom": "^12.23.21",
        "motion-utils": "^12.23.6",
        "tslib": "^2.4.0"
      },
      "peerDependencies": {
        "@emotion/is-prop-valid": "*",
        "react": "^18.0.0 || ^19.0.0",
        "react-dom": "^18.0.0 || ^19.0.0"
      },
      "peerDependenciesMeta": {
        "@emotion/is-prop-valid": {
          "optional": true
        },
        "react": {
          "optional": true
        },
        "react-dom": {
          "optional": true
        }
      }
    },
    "node_modules/intl-messageformat": {
      "version": "10.7.16",
      "resolved": "https://registry.npmjs.org/intl-messageformat/-/intl-messageformat-10.7.16.tgz",
      "integrity": "sha512-UmdmHUmp5CIKKjSoE10la5yfU+AYJAaiYLsodbjL4lji83JNvgOQUjGaGhGrpFCb0Uh7sl7qfP1IyILa8Z40ug==",
      "license": "BSD-3-Clause",
      "dependencies": {
        "@formatjs/ecma402-abstract": "2.3.4",
        "@formatjs/fast-memoize": "2.2.7",
        "@formatjs/icu-messageformat-parser": "2.11.2",
        "tslib": "^2.8.0"
      }
    },
    "node_modules/is-arrayish": {
      "version": "0.3.4",
      "resolved": "https://registry.npmjs.org/is-arrayish/-/is-arrayish-0.3.4.tgz",
      "integrity": "sha512-m6UrgzFVUYawGBh1dUsWR5M2Clqic9RVXC/9f8ceNlv2IcO9j9J/z8UoCLPqtsPBFNzEpfR3xftohbfqDx8EQA==",
      "license": "MIT"
    },
    "node_modules/motion-dom": {
      "version": "12.23.21",
      "resolved": "https://registry.npmjs.org/motion-dom/-/motion-dom-12.23.21.tgz",
      "integrity": "sha512-5xDXx/AbhrfgsQmSE7YESMn4Dpo6x5/DTZ4Iyy4xqDvVHWvFVoV+V2Ri2S/ksx+D40wrZ7gPYiMWshkdoqNgNQ==",
      "license": "MIT",
      "dependencies": {
        "motion-utils": "^12.23.6"
      }
    },
    "node_modules/motion-utils": {
      "version": "12.23.6",
      "resolved": "https://registry.npmjs.org/motion-utils/-/motion-utils-12.23.6.tgz",
      "integrity": "sha512-eAWoPgr4eFEOFfg2WjIsMoqJTW6Z8MTUCgn/GZ3VRpClWBdnbjryiA3ZSNLyxCTmCQx4RmYX6jX1iWHbenUPNQ==",
      "license": "MIT"
    },
    "node_modules/react": {
      "version": "19.1.1",
      "resolved": "https://registry.npmjs.org/react/-/react-19.1.1.tgz",
      "integrity": "sha512-w8nqGImo45dmMIfljjMwOGtbmC/mk4CMYhWIicdSflH91J9TyCyczcPFXJzrZ/ZXcgGRFeP6BU0BEJTw6tZdfQ==",
      "license": "MIT",
      "peer": true,
      "engines": {
        "node": ">=0.10.0"
      }
    },
    "node_modules/react-dom": {
      "version": "19.1.1",
      "resolved": "https://registry.npmjs.org/react-dom/-/react-dom-19.1.1.tgz",
      "integrity": "sha512-Dlq/5LAZgF0Gaz6yiqZCf6VCcZs1ghAJyrsu84Q/GT0gV+mCxbfmKNoGRKBYMJ8IEdGPqu49YWXD02GCknEDkw==",
      "license": "MIT",
      "peer": true,
      "dependencies": {
        "scheduler": "^0.26.0"
      },
      "peerDependencies": {
        "react": "^19.1.1"
      }
    },
    "node_modules/scheduler": {
      "version": "0.26.0",
      "resolved": "https://registry.npmjs.org/scheduler/-/scheduler-0.26.0.tgz",
      "integrity": "sha512-NlHwttCI/l5gCPR3D1nNXtWABUmBwvZpEQiD4IXSbIDq8BzLIK/7Ir5gTFSGZDUu37K5cMNp0hFtzO38sC7gWA==",
      "license": "MIT"
    },
    "node_modules/simple-swizzle": {
      "version": "0.2.4",
      "resolved": "https://registry.npmjs.org/simple-swizzle/-/simple-swizzle-0.2.4.tgz",
      "integrity": "sha512-nAu1WFPQSMNr2Zn9PGSZK9AGn4t/y97lEm+MXTtUDwfP0ksAIX4nO+6ruD9Jwut4C49SB1Ws+fbXsm/yScWOHw==",
      "license": "MIT",
      "dependencies": {
        "is-arrayish": "^0.3.1"
      }
    },
    "node_modules/tailwind-merge": {
      "version": "3.3.1",
      "resolved": "https://registry.npmjs.org/tailwind-merge/-/tailwind-merge-3.3.1.tgz",
      "integrity": "sha512-gBXpgUm/3rp1lMZZrM/w7D8GKqshif0zAymAhbCyIt8KMe+0v9DQ7cdYLR4FHH/cKpdTXb+A/tKKU3eolfsI+g==",
      "license": "MIT",
      "peer": true,
      "funding": {
        "type": "github",
        "url": "https://github.com/sponsors/dcastil"
      }
    },
    "node_modules/tailwind-variants": {
      "version": "3.1.1",
      "resolved": "https://registry.npmjs.org/tailwind-variants/-/tailwind-variants-3.1.1.tgz",
      "integrity": "sha512-ftLXe3krnqkMHsuBTEmaVUXYovXtPyTK7ckEfDRXS8PBZx0bAUas+A0jYxuKA5b8qg++wvQ3d2MQ7l/xeZxbZQ==",
      "license": "MIT",
      "engines": {
        "node": ">=16.x",
        "pnpm": ">=7.x"
      },
      "peerDependencies": {
        "tailwind-merge": ">=3.0.0",
        "tailwindcss": "*"
      },
      "peerDependenciesMeta": {
        "tailwind-merge": {
          "optional": true
        }
      }
    },
    "node_modules/tailwindcss": {
      "version": "4.1.13",
      "resolved": "https://registry.npmjs.org/tailwindcss/-/tailwindcss-4.1.13.tgz",
      "integrity": "sha512-i+zidfmTqtwquj4hMEwdjshYYgMbOrPzb9a0M3ZgNa0JMoZeFC6bxZvO8yr8ozS6ix2SDz0+mvryPeBs2TFE+w==",
      "license": "MIT"
    },
    "node_modules/tslib": {
      "version": "2.8.1",
      "resolved": "https://registry.npmjs.org/tslib/-/tslib-2.8.1.tgz",
      "integrity": "sha512-oJFu94HQb+KVduSUQL7wnpmqnfmLsOA/nAh6b6EH0wCEoK0/mPeXU6c3wKDV83MkOuHPRHtSXKKU99IBazS/2w==",
      "license": "0BSD"
    }
  }
}
